# THIS IS AN AUTOGENERATED FILE. DO NOT EDIT THIS FILE DIRECTLY.
# yarn lockfile v1


prettier@^2.2.1:
  version "2.2.1"
  resolved "https://registry.yarnpkg.com/prettier/-/prettier-2.2.1.tgz#795a1a78dd52f073da0cd42b21f9c91381923ff5"
  integrity sha512-PqyhM2yCjg/oKkFPtTGUojv7gnZAoG80ttl45O6x2Ug/rMJw4wcc9k6aaf2hibP7BGVCCM33gZoGjyvt9mm16Q==

serverless-stack-termination-protection@^1.0.4:
  version "1.0.4"
  resolved "https://registry.yarnpkg.com/serverless-stack-termination-protection/-/serverless-stack-termination-protection-1.0.4.tgz#e0430108cfc8f4d72a63138ef5781c6fe9707868"
  integrity sha512-2uOF6/t90VXpWq8ZbWgEXMiYXA+9ZKsgm8or5jJLQYnm0Sbu2z7/EK2/ACwH4uaErFOdprI0tO9H8STdKK4TFQ==
